// !$*UTF8*$!
{
	archiveVersion = 1;
	classes = {
	};
	objectVersion = 46;
	objects = {

/* Begin PBXBuildFile section */
		CF1232D51B27B14600CAE3F9 /* homeCell.swift in Sources */ = {isa = PBXBuildFile; fileRef = CF1232D41B27B14600CAE3F9 /* homeCell.swift */; };
		CF1232D91B27B1A100CAE3F9 /* homeHub.swift in Sources */ = {isa = PBXBuildFile; fileRef = CF1232D81B27B1A100CAE3F9 /* homeHub.swift */; };
		CF1232DB1B27BDC100CAE3F9 /* sensorsHome.swift in Sources */ = {isa = PBXBuildFile; fileRef = CF1232DA1B27BDC100CAE3F9 /* sensorsHome.swift */; };
		CF1232DF1B2F5B4200CAE3F9 /* sensorZoom.swift in Sources */ = {isa = PBXBuildFile; fileRef = CF1232DE1B2F5B4200CAE3F9 /* sensorZoom.swift */; };
		CF374F861B2785E400B6514E /* Bolts.framework in Frameworks */ = {isa = PBXBuildFile; fileRef = CF374F801B2785E400B6514E /* Bolts.framework */; };
		CF374F8D1B27866700B6514E /* AudioToolbox.framework in Frameworks */ = {isa = PBXBuildFile; fileRef = CF374F8C1B27866700B6514E /* AudioToolbox.framework */; };
		CF374F8F1B27867400B6514E /* CFNetwork.framework in Frameworks */ = {isa = PBXBuildFile; fileRef = CF374F8E1B27867400B6514E /* CFNetwork.framework */; };
		CF374F911B27867E00B6514E /* CoreGraphics.framework in Frameworks */ = {isa = PBXBuildFile; fileRef = CF374F901B27867E00B6514E /* CoreGraphics.framework */; };
		CF374F931B27868C00B6514E /* CoreLocation.framework in Frameworks */ = {isa = PBXBuildFile; fileRef = CF374F921B27868C00B6514E /* CoreLocation.framework */; };
		CF374F951B27869700B6514E /* MobileCoreServices.framework in Frameworks */ = {isa = PBXBuildFile; fileRef = CF374F941B27869700B6514E /* MobileCoreServices.framework */; settings = {ATTRIBUTES = (Weak, ); }; };
		CF374F971B2786A200B6514E /* QuartzCore.framework in Frameworks */ = {isa = PBXBuildFile; fileRef = CF374F961B2786A200B6514E /* QuartzCore.framework */; };
		CF374F991B2786AE00B6514E /* Security.framework in Frameworks */ = {isa = PBXBuildFile; fileRef = CF374F981B2786AE00B6514E /* Security.framework */; };
		CF374F9B1B2786B800B6514E /* StoreKit.framework in Frameworks */ = {isa = PBXBuildFile; fileRef = CF374F9A1B2786B800B6514E /* StoreKit.framework */; };
		CF374F9D1B2786C600B6514E /* SystemConfiguration.framework in Frameworks */ = {isa = PBXBuildFile; fileRef = CF374F9C1B2786C600B6514E /* SystemConfiguration.framework */; };
		CF374F9F1B2786E300B6514E /* libz.dylib in Frameworks */ = {isa = PBXBuildFile; fileRef = CF374F9E1B2786E300B6514E /* libz.dylib */; };
		CF374FA11B2786FA00B6514E /* libsqlite3.dylib in Frameworks */ = {isa = PBXBuildFile; fileRef = CF374FA01B2786FA00B6514E /* libsqlite3.dylib */; };
		CF374FA31B27870500B6514E /* Accounts.framework in Frameworks */ = {isa = PBXBuildFile; fileRef = CF374FA21B27870500B6514E /* Accounts.framework */; };
		CF374FA51B27870F00B6514E /* Social.framework in Frameworks */ = {isa = PBXBuildFile; fileRef = CF374FA41B27870F00B6514E /* Social.framework */; };
		CF73F2101B0FAF460092A73C /* createAccountVC.swift in Sources */ = {isa = PBXBuildFile; fileRef = CF73F20F1B0FAF460092A73C /* createAccountVC.swift */; };
		CF73F2121B0FAFB60092A73C /* BoilerPlate UIKit class.swift in Sources */ = {isa = PBXBuildFile; fileRef = CF73F2111B0FAFB60092A73C /* BoilerPlate UIKit class.swift */; };
		CF73F2151B13E2F50092A73C /* accountCreationSuccess.swift in Sources */ = {isa = PBXBuildFile; fileRef = CF73F2141B13E2F50092A73C /* accountCreationSuccess.swift */; };
		CF73F21F1B14D0F30092A73C /* addHubVC.swift in Sources */ = {isa = PBXBuildFile; fileRef = CF73F21E1B14D0F30092A73C /* addHubVC.swift */; };
		CF73F2221B14E5530092A73C /* wifiSetup.swift in Sources */ = {isa = PBXBuildFile; fileRef = CF73F2211B14E5530092A73C /* wifiSetup.swift */; };
		CF73F2261B163DDD0092A73C /* shareWifi.swift in Sources */ = {isa = PBXBuildFile; fileRef = CF73F2251B163DDD0092A73C /* shareWifi.swift */; };
		CFB806221B7A7BCE00CC6249 /* Empty Battery-32.png in Resources */ = {isa = PBXBuildFile; fileRef = CFB806211B7A7BCE00CC6249 /* Empty Battery-32.png */; };
		CFB806241B7A7BD900CC6249 /* Full Battery-32.png in Resources */ = {isa = PBXBuildFile; fileRef = CFB806231B7A7BD900CC6249 /* Full Battery-32.png */; };
		CFB806261B7A7BE300CC6249 /* Charged Battery-32.png in Resources */ = {isa = PBXBuildFile; fileRef = CFB806251B7A7BE300CC6249 /* Charged Battery-32.png */; };
		CFB806281B7A7BF000CC6249 /* Half-Charged Battery-32.png in Resources */ = {isa = PBXBuildFile; fileRef = CFB806271B7A7BF000CC6249 /* Half-Charged Battery-32.png */; };
		CFB8062A1B7A7BFB00CC6249 /* Low Battery-32-3.png in Resources */ = {isa = PBXBuildFile; fileRef = CFB806291B7A7BFB00CC6249 /* Low Battery-32-3.png */; };
		CFB8062C1B7A877200CC6249 /* Wi-Fi Filled-32.png in Resources */ = {isa = PBXBuildFile; fileRef = CFB8062B1B7A877200CC6249 /* Wi-Fi Filled-32.png */; };
		CFB8062E1B7A877A00CC6249 /* Wi-Fi-32.png in Resources */ = {isa = PBXBuildFile; fileRef = CFB8062D1B7A877A00CC6249 /* Wi-Fi-32.png */; };
		CFB806661B810A9C00CC6249 /* locationController.swift in Sources */ = {isa = PBXBuildFile; fileRef = CFB806651B810A9C00CC6249 /* locationController.swift */; };
		CFB806681B826D4A00CC6249 /* Images-2.xcassets in Resources */ = {isa = PBXBuildFile; fileRef = CFB806671B826D4A00CC6249 /* Images-2.xcassets */; };
		CFB806701B865C3000CC6249 /* Parse.framework in Frameworks */ = {isa = PBXBuildFile; fileRef = CF374F811B2785E400B6514E /* Parse.framework */; settings = {ATTRIBUTES = (Weak, ); }; };
		CFB806741B868C0600CC6249 /* Main.storyboard in Resources */ = {isa = PBXBuildFile; fileRef = CFB806731B868C0600CC6249 /* Main.storyboard */; };
		CFC03D7B1B0E6AA700A7CE6B /* AppDelegate.swift in Sources */ = {isa = PBXBuildFile; fileRef = CFC03D7A1B0E6AA700A7CE6B /* AppDelegate.swift */; };
		CFC03D7D1B0E6AA700A7CE6B /* ViewController.swift in Sources */ = {isa = PBXBuildFile; fileRef = CFC03D7C1B0E6AA700A7CE6B /* ViewController.swift */; };
		CFC03D851B0E6AA700A7CE6B /* LaunchScreen.xib in Resources */ = {isa = PBXBuildFile; fileRef = CFC03D831B0E6AA700A7CE6B /* LaunchScreen.xib */; };
		CFC03D911B0E6AA800A7CE6B /* Aware_SystemsTests.swift in Sources */ = {isa = PBXBuildFile; fileRef = CFC03D901B0E6AA800A7CE6B /* Aware_SystemsTests.swift */; };
		CFC03D9D1B0E751A00A7CE6B /* settingsCell.swift in Sources */ = {isa = PBXBuildFile; fileRef = CFC03D9C1B0E751A00A7CE6B /* settingsCell.swift */; };
		CFC7DC831B72F41200BBDE2B /* sensorDetails.swift in Sources */ = {isa = PBXBuildFile; fileRef = CFC7DC821B72F41100BBDE2B /* sensorDetails.swift */; };
		CFE22B411B39E07300C7E58A /* dataManager.swift in Sources */ = {isa = PBXBuildFile; fileRef = CFE22B401B39E07300C7E58A /* dataManager.swift */; };
/* End PBXBuildFile section */

/* Begin PBXContainerItemProxy section */
		CFC03D8B1B0E6AA800A7CE6B /* PBXContainerItemProxy */ = {
			isa = PBXContainerItemProxy;
			containerPortal = CFC03D6D1B0E6AA700A7CE6B /* Project object */;
			proxyType = 1;
			remoteGlobalIDString = CFC03D741B0E6AA700A7CE6B;
			remoteInfo = "Aware Systems";
		};
/* End PBXContainerItemProxy section */

/* Begin PBXFileReference section */
		CF1232D41B27B14600CAE3F9 /* homeCell.swift */ = {isa = PBXFileReference; fileEncoding = 4; lastKnownFileType = sourcecode.swift; path = homeCell.swift; sourceTree = "<group>"; };
		CF1232D81B27B1A100CAE3F9 /* homeHub.swift */ = {isa = PBXFileReference; fileEncoding = 4; lastKnownFileType = sourcecode.swift; path = homeHub.swift; sourceTree = "<group>"; };
		CF1232DA1B27BDC100CAE3F9 /* sensorsHome.swift */ = {isa = PBXFileReference; fileEncoding = 4; lastKnownFileType = sourcecode.swift; path = sensorsHome.swift; sourceTree = "<group>"; };
		CF1232DE1B2F5B4200CAE3F9 /* sensorZoom.swift */ = {isa = PBXFileReference; fileEncoding = 4; lastKnownFileType = sourcecode.swift; path = sensorZoom.swift; sourceTree = "<group>"; };
		CF374F801B2785E400B6514E /* Bolts.framework */ = {isa = PBXFileReference; lastKnownFileType = wrapper.framework; name = Bolts.framework; path = "Aware Systems/Bolts.framework"; sourceTree = "<group>"; };
		CF374F811B2785E400B6514E /* Parse.framework */ = {isa = PBXFileReference; lastKnownFileType = wrapper.framework; name = Parse.framework; path = "Aware Systems/Parse.framework"; sourceTree = "<group>"; };
		CF374F8C1B27866700B6514E /* AudioToolbox.framework */ = {isa = PBXFileReference; lastKnownFileType = wrapper.framework; name = AudioToolbox.framework; path = System/Library/Frameworks/AudioToolbox.framework; sourceTree = SDKROOT; };
		CF374F8E1B27867400B6514E /* CFNetwork.framework */ = {isa = PBXFileReference; lastKnownFileType = wrapper.framework; name = CFNetwork.framework; path = System/Library/Frameworks/CFNetwork.framework; sourceTree = SDKROOT; };
		CF374F901B27867E00B6514E /* CoreGraphics.framework */ = {isa = PBXFileReference; lastKnownFileType = wrapper.framework; name = CoreGraphics.framework; path = System/Library/Frameworks/CoreGraphics.framework; sourceTree = SDKROOT; };
		CF374F921B27868C00B6514E /* CoreLocation.framework */ = {isa = PBXFileReference; lastKnownFileType = wrapper.framework; name = CoreLocation.framework; path = System/Library/Frameworks/CoreLocation.framework; sourceTree = SDKROOT; };
		CF374F941B27869700B6514E /* MobileCoreServices.framework */ = {isa = PBXFileReference; lastKnownFileType = wrapper.framework; name = MobileCoreServices.framework; path = System/Library/Frameworks/MobileCoreServices.framework; sourceTree = SDKROOT; };
		CF374F961B2786A200B6514E /* QuartzCore.framework */ = {isa = PBXFileReference; lastKnownFileType = wrapper.framework; name = QuartzCore.framework; path = System/Library/Frameworks/QuartzCore.framework; sourceTree = SDKROOT; };
		CF374F981B2786AE00B6514E /* Security.framework */ = {isa = PBXFileReference; lastKnownFileType = wrapper.framework; name = Security.framework; path = System/Library/Frameworks/Security.framework; sourceTree = SDKROOT; };
		CF374F9A1B2786B800B6514E /* StoreKit.framework */ = {isa = PBXFileReference; lastKnownFileType = wrapper.framework; name = StoreKit.framework; path = System/Library/Frameworks/StoreKit.framework; sourceTree = SDKROOT; };
		CF374F9C1B2786C600B6514E /* SystemConfiguration.framework */ = {isa = PBXFileReference; lastKnownFileType = wrapper.framework; name = SystemConfiguration.framework; path = System/Library/Frameworks/SystemConfiguration.framework; sourceTree = SDKROOT; };
		CF374F9E1B2786E300B6514E /* libz.dylib */ = {isa = PBXFileReference; lastKnownFileType = "compiled.mach-o.dylib"; name = libz.dylib; path = usr/lib/libz.dylib; sourceTree = SDKROOT; };
		CF374FA01B2786FA00B6514E /* libsqlite3.dylib */ = {isa = PBXFileReference; lastKnownFileType = "compiled.mach-o.dylib"; name = libsqlite3.dylib; path = usr/lib/libsqlite3.dylib; sourceTree = SDKROOT; };
		CF374FA21B27870500B6514E /* Accounts.framework */ = {isa = PBXFileReference; lastKnownFileType = wrapper.framework; name = Accounts.framework; path = System/Library/Frameworks/Accounts.framework; sourceTree = SDKROOT; };
		CF374FA41B27870F00B6514E /* Social.framework */ = {isa = PBXFileReference; lastKnownFileType = wrapper.framework; name = Social.framework; path = System/Library/Frameworks/Social.framework; sourceTree = SDKROOT; };
		CF73F20F1B0FAF460092A73C /* createAccountVC.swift */ = {isa = PBXFileReference; fileEncoding = 4; lastKnownFileType = sourcecode.swift; path = createAccountVC.swift; sourceTree = "<group>"; };
		CF73F2111B0FAFB60092A73C /* BoilerPlate UIKit class.swift */ = {isa = PBXFileReference; fileEncoding = 4; lastKnownFileType = sourcecode.swift; name = "BoilerPlate UIKit class.swift"; path = "../Aware Systems/BoilerPlate UIKit class.swift"; sourceTree = "<group>"; };
		CF73F2141B13E2F50092A73C /* accountCreationSuccess.swift */ = {isa = PBXFileReference; fileEncoding = 4; lastKnownFileType = sourcecode.swift; path = accountCreationSuccess.swift; sourceTree = "<group>"; };
		CF73F21D1B1403470092A73C /* MyPlayground.playground */ = {isa = PBXFileReference; lastKnownFileType = file.playground; name = MyPlayground.playground; path = "../Aware Systems/MyPlayground.playground"; sourceTree = "<group>"; };
		CF73F21E1B14D0F30092A73C /* addHubVC.swift */ = {isa = PBXFileReference; fileEncoding = 4; lastKnownFileType = sourcecode.swift; path = addHubVC.swift; sourceTree = "<group>"; };
		CF73F2211B14E5530092A73C /* wifiSetup.swift */ = {isa = PBXFileReference; fileEncoding = 4; lastKnownFileType = sourcecode.swift; path = wifiSetup.swift; sourceTree = "<group>"; };
		CF73F2251B163DDD0092A73C /* shareWifi.swift */ = {isa = PBXFileReference; fileEncoding = 4; lastKnownFileType = sourcecode.swift; path = shareWifi.swift; sourceTree = "<group>"; };
		CFA3863E1B2795ED008A872A /* Aware Systems-Bridging-Header.h */ = {isa = PBXFileReference; lastKnownFileType = sourcecode.c.h; path = "Aware Systems-Bridging-Header.h"; sourceTree = "<group>"; };
		CFB806211B7A7BCE00CC6249 /* Empty Battery-32.png */ = {isa = PBXFileReference; lastKnownFileType = image.png; name = "Empty Battery-32.png"; path = "../../../../Downloads/Empty Battery-32.png"; sourceTree = "<group>"; };
		CFB806231B7A7BD900CC6249 /* Full Battery-32.png */ = {isa = PBXFileReference; lastKnownFileType = image.png; name = "Full Battery-32.png"; path = "../../../../Downloads/Full Battery-32.png"; sourceTree = "<group>"; };
		CFB806251B7A7BE300CC6249 /* Charged Battery-32.png */ = {isa = PBXFileReference; lastKnownFileType = image.png; name = "Charged Battery-32.png"; path = "../../../../Downloads/Charged Battery-32.png"; sourceTree = "<group>"; };
		CFB806271B7A7BF000CC6249 /* Half-Charged Battery-32.png */ = {isa = PBXFileReference; lastKnownFileType = image.png; name = "Half-Charged Battery-32.png"; path = "../../../../Downloads/Half-Charged Battery-32.png"; sourceTree = "<group>"; };
		CFB806291B7A7BFB00CC6249 /* Low Battery-32-3.png */ = {isa = PBXFileReference; lastKnownFileType = image.png; name = "Low Battery-32-3.png"; path = "../../../../Downloads/Low Battery-32-3.png"; sourceTree = "<group>"; };
		CFB8062B1B7A877200CC6249 /* Wi-Fi Filled-32.png */ = {isa = PBXFileReference; lastKnownFileType = image.png; name = "Wi-Fi Filled-32.png"; path = "../../../../Downloads/Wi-Fi Filled-32.png"; sourceTree = "<group>"; };
		CFB8062D1B7A877A00CC6249 /* Wi-Fi-32.png */ = {isa = PBXFileReference; lastKnownFileType = image.png; name = "Wi-Fi-32.png"; path = "../../../../Downloads/Wi-Fi-32.png"; sourceTree = "<group>"; };
		CFB806651B810A9C00CC6249 /* locationController.swift */ = {isa = PBXFileReference; fileEncoding = 4; lastKnownFileType = sourcecode.swift; path = locationController.swift; sourceTree = "<group>"; };
		CFB806671B826D4A00CC6249 /* Images-2.xcassets */ = {isa = PBXFileReference; lastKnownFileType = folder.assetcatalog; path = "Images-2.xcassets"; sourceTree = "<group>"; };
		CFB806731B868C0600CC6249 /* Main.storyboard */ = {isa = PBXFileReference; fileEncoding = 4; lastKnownFileType = file.storyboard; path = Main.storyboard; sourceTree = "<group>"; };
		CFC03D751B0E6AA700A7CE6B /* Aware Systems.app */ = {isa = PBXFileReference; explicitFileType = wrapper.application; includeInIndex = 0; path = "Aware Systems.app"; sourceTree = BUILT_PRODUCTS_DIR; };
		CFC03D791B0E6AA700A7CE6B /* Info.plist */ = {isa = PBXFileReference; lastKnownFileType = text.plist.xml; path = Info.plist; sourceTree = "<group>"; };
		CFC03D7A1B0E6AA700A7CE6B /* AppDelegate.swift */ = {isa = PBXFileReference; lastKnownFileType = sourcecode.swift; path = AppDelegate.swift; sourceTree = "<group>"; };
		CFC03D7C1B0E6AA700A7CE6B /* ViewController.swift */ = {isa = PBXFileReference; lastKnownFileType = sourcecode.swift; path = ViewController.swift; sourceTree = "<group>"; };
		CFC03D841B0E6AA700A7CE6B /* Base */ = {isa = PBXFileReference; lastKnownFileType = file.xib; name = Base; path = Base.lproj/LaunchScreen.xib; sourceTree = "<group>"; };
		CFC03D8A1B0E6AA800A7CE6B /* Aware SystemsTests.xctest */ = {isa = PBXFileReference; explicitFileType = wrapper.cfbundle; includeInIndex = 0; path = "Aware SystemsTests.xctest"; sourceTree = BUILT_PRODUCTS_DIR; };
		CFC03D8F1B0E6AA800A7CE6B /* Info.plist */ = {isa = PBXFileReference; lastKnownFileType = text.plist.xml; path = Info.plist; sourceTree = "<group>"; };
		CFC03D901B0E6AA800A7CE6B /* Aware_SystemsTests.swift */ = {isa = PBXFileReference; lastKnownFileType = sourcecode.swift; path = Aware_SystemsTests.swift; sourceTree = "<group>"; };
		CFC03D9C1B0E751A00A7CE6B /* settingsCell.swift */ = {isa = PBXFileReference; fileEncoding = 4; lastKnownFileType = sourcecode.swift; path = settingsCell.swift; sourceTree = "<group>"; };
		CFC7DC821B72F41100BBDE2B /* sensorDetails.swift */ = {isa = PBXFileReference; fileEncoding = 4; lastKnownFileType = sourcecode.swift; path = sensorDetails.swift; sourceTree = "<group>"; };
		CFE22B401B39E07300C7E58A /* dataManager.swift */ = {isa = PBXFileReference; fileEncoding = 4; lastKnownFileType = sourcecode.swift; path = dataManager.swift; sourceTree = "<group>"; };
		CFEA46C71B1D402F0042D996 /* Podfile */ = {isa = PBXFileReference; fileEncoding = 4; lastKnownFileType = text; name = Podfile; path = "../Aware Systems/Podfile"; sourceTree = "<group>"; };
/* End PBXFileReference section */

/* Begin PBXFrameworksBuildPhase section */
		CFC03D721B0E6AA700A7CE6B /* Frameworks */ = {
			isa = PBXFrameworksBuildPhase;
			buildActionMask = 2147483647;
			files = (
				CF374FA51B27870F00B6514E /* Social.framework in Frameworks */,
				CF374FA31B27870500B6514E /* Accounts.framework in Frameworks */,
				CF374FA11B2786FA00B6514E /* libsqlite3.dylib in Frameworks */,
				CF374F9F1B2786E300B6514E /* libz.dylib in Frameworks */,
				CF374F9D1B2786C600B6514E /* SystemConfiguration.framework in Frameworks */,
				CF374F9B1B2786B800B6514E /* StoreKit.framework in Frameworks */,
				CF374F991B2786AE00B6514E /* Security.framework in Frameworks */,
				CF374F971B2786A200B6514E /* QuartzCore.framework in Frameworks */,
				CF374F951B27869700B6514E /* MobileCoreServices.framework in Frameworks */,
				CFB806701B865C3000CC6249 /* Parse.framework in Frameworks */,
				CF374F931B27868C00B6514E /* CoreLocation.framework in Frameworks */,
				CF374F861B2785E400B6514E /* Bolts.framework in Frameworks */,
				CF374F911B27867E00B6514E /* CoreGraphics.framework in Frameworks */,
				CF374F8F1B27867400B6514E /* CFNetwork.framework in Frameworks */,
				CF374F8D1B27866700B6514E /* AudioToolbox.framework in Frameworks */,
			);
			runOnlyForDeploymentPostprocessing = 0;
		};
		CFC03D871B0E6AA800A7CE6B /* Frameworks */ = {
			isa = PBXFrameworksBuildPhase;
			buildActionMask = 2147483647;
			files = (
			);
			runOnlyForDeploymentPostprocessing = 0;
		};
/* End PBXFrameworksBuildPhase section */

/* Begin PBXGroup section */
		CA1AC65EBCF45891E303B3D3 /* Frameworks */ = {
			isa = PBXGroup;
			children = (
				CF374FA41B27870F00B6514E /* Social.framework */,
				CF374FA21B27870500B6514E /* Accounts.framework */,
				CF374FA01B2786FA00B6514E /* libsqlite3.dylib */,
				CF374F9E1B2786E300B6514E /* libz.dylib */,
				CF374F9C1B2786C600B6514E /* SystemConfiguration.framework */,
				CF374F9A1B2786B800B6514E /* StoreKit.framework */,
				CF374F981B2786AE00B6514E /* Security.framework */,
				CF374F961B2786A200B6514E /* QuartzCore.framework */,
				CF374F941B27869700B6514E /* MobileCoreServices.framework */,
				CF374F921B27868C00B6514E /* CoreLocation.framework */,
				CF374F901B27867E00B6514E /* CoreGraphics.framework */,
				CF374F8E1B27867400B6514E /* CFNetwork.framework */,
				CF374F8C1B27866700B6514E /* AudioToolbox.framework */,
				CF374F801B2785E400B6514E /* Bolts.framework */,
				CF374F811B2785E400B6514E /* Parse.framework */,
			);
			name = Frameworks;
			sourceTree = "<group>";
		};
		CF73F20E1B0FAEF90092A73C /* SettingVCs */ = {
			isa = PBXGroup;
			children = (
				CFC03D9C1B0E751A00A7CE6B /* settingsCell.swift */,
				CFC03D7C1B0E6AA700A7CE6B /* ViewController.swift */,
				CF73F2131B13E2BD0092A73C /* New Account */,
				CF73F2201B14E5090092A73C /* Add Hub */,
			);
			name = SettingVCs;
			sourceTree = "<group>";
		};
		CF73F2131B13E2BD0092A73C /* New Account */ = {
			isa = PBXGroup;
			children = (
				CF73F20F1B0FAF460092A73C /* createAccountVC.swift */,
				CF73F2141B13E2F50092A73C /* accountCreationSuccess.swift */,
			);
			name = "New Account";
			sourceTree = "<group>";
		};
		CF73F2201B14E5090092A73C /* Add Hub */ = {
			isa = PBXGroup;
			children = (
				CF73F21E1B14D0F30092A73C /* addHubVC.swift */,
				CF73F2211B14E5530092A73C /* wifiSetup.swift */,
				CF73F2251B163DDD0092A73C /* shareWifi.swift */,
			);
			name = "Add Hub";
			sourceTree = "<group>";
		};
		CF98F42F1B1D6AE800BCA01C /* Home */ = {
			isa = PBXGroup;
			children = (
				CF1232D81B27B1A100CAE3F9 /* homeHub.swift */,
				CF1232DA1B27BDC100CAE3F9 /* sensorsHome.swift */,
				CF1232D41B27B14600CAE3F9 /* homeCell.swift */,
				CFC7DC821B72F41100BBDE2B /* sensorDetails.swift */,
				CF1232DE1B2F5B4200CAE3F9 /* sensorZoom.swift */,
				CFB806651B810A9C00CC6249 /* locationController.swift */,
			);
			name = Home;
			sourceTree = "<group>";
		};
		CFB806201B7A7BB700CC6249 /* Images */ = {
			isa = PBXGroup;
			children = (
				CFB8062D1B7A877A00CC6249 /* Wi-Fi-32.png */,
				CFB8062B1B7A877200CC6249 /* Wi-Fi Filled-32.png */,
				CFB806211B7A7BCE00CC6249 /* Empty Battery-32.png */,
				CFB806291B7A7BFB00CC6249 /* Low Battery-32-3.png */,
				CFB806271B7A7BF000CC6249 /* Half-Charged Battery-32.png */,
				CFB806251B7A7BE300CC6249 /* Charged Battery-32.png */,
				CFB806231B7A7BD900CC6249 /* Full Battery-32.png */,
			);
			name = Images;
			sourceTree = "<group>";
		};
		CFC03D6C1B0E6AA700A7CE6B = {
			isa = PBXGroup;
			children = (
				CFC03D771B0E6AA700A7CE6B /* Aware Systems */,
				CFC03D8D1B0E6AA800A7CE6B /* Aware SystemsTests */,
				CFC03D761B0E6AA700A7CE6B /* Products */,
				CA1AC65EBCF45891E303B3D3 /* Frameworks */,
			);
			sourceTree = "<group>";
		};
		CFC03D761B0E6AA700A7CE6B /* Products */ = {
			isa = PBXGroup;
			children = (
				CFC03D751B0E6AA700A7CE6B /* Aware Systems.app */,
				CFC03D8A1B0E6AA800A7CE6B /* Aware SystemsTests.xctest */,
			);
			name = Products;
			sourceTree = "<group>";
		};
		CFC03D771B0E6AA700A7CE6B /* Aware Systems */ = {
			isa = PBXGroup;
			children = (
				CFB806731B868C0600CC6249 /* Main.storyboard */,
				CFB806201B7A7BB700CC6249 /* Images */,
				CF98F42F1B1D6AE800BCA01C /* Home */,
				CF73F20E1B0FAEF90092A73C /* SettingVCs */,
				CFC03D7A1B0E6AA700A7CE6B /* AppDelegate.swift */,
				CFC03D831B0E6AA700A7CE6B /* LaunchScreen.xib */,
				CFB806671B826D4A00CC6249 /* Images-2.xcassets */,
				CFC03D781B0E6AA700A7CE6B /* Supporting Files */,
			);
			path = "Aware Systems";
			sourceTree = "<group>";
		};
		CFC03D781B0E6AA700A7CE6B /* Supporting Files */ = {
			isa = PBXGroup;
			children = (
				CFA3863E1B2795ED008A872A /* Aware Systems-Bridging-Header.h */,
				CFC03D791B0E6AA700A7CE6B /* Info.plist */,
				CFE22B401B39E07300C7E58A /* dataManager.swift */,
			);
			name = "Supporting Files";
			sourceTree = "<group>";
		};
		CFC03D8D1B0E6AA800A7CE6B /* Aware SystemsTests */ = {
			isa = PBXGroup;
			children = (
				CF73F21D1B1403470092A73C /* MyPlayground.playground */,
				CF73F2111B0FAFB60092A73C /* BoilerPlate UIKit class.swift */,
				CFC03D901B0E6AA800A7CE6B /* Aware_SystemsTests.swift */,
				CFC03D8E1B0E6AA800A7CE6B /* Supporting Files */,
			);
			path = "Aware SystemsTests";
			sourceTree = "<group>";
		};
		CFC03D8E1B0E6AA800A7CE6B /* Supporting Files */ = {
			isa = PBXGroup;
			children = (
				CFEA46C71B1D402F0042D996 /* Podfile */,
				CFC03D8F1B0E6AA800A7CE6B /* Info.plist */,
			);
			name = "Supporting Files";
			sourceTree = "<group>";
		};
/* End PBXGroup section */

/* Begin PBXNativeTarget section */
		CFC03D741B0E6AA700A7CE6B /* Aware Systems */ = {
			isa = PBXNativeTarget;
			buildConfigurationList = CFC03D941B0E6AA800A7CE6B /* Build configuration list for PBXNativeTarget "Aware Systems" */;
			buildPhases = (
				CFC03D711B0E6AA700A7CE6B /* Sources */,
				CFC03D721B0E6AA700A7CE6B /* Frameworks */,
				CFC03D731B0E6AA700A7CE6B /* Resources */,
			);
			buildRules = (
			);
			dependencies = (
			);
			name = "Aware Systems";
			productName = "Aware Systems";
			productReference = CFC03D751B0E6AA700A7CE6B /* Aware Systems.app */;
			productType = "com.apple.product-type.application";
		};
		CFC03D891B0E6AA800A7CE6B /* Aware SystemsTests */ = {
			isa = PBXNativeTarget;
			buildConfigurationList = CFC03D971B0E6AA800A7CE6B /* Build configuration list for PBXNativeTarget "Aware SystemsTests" */;
			buildPhases = (
				CFC03D861B0E6AA800A7CE6B /* Sources */,
				CFC03D871B0E6AA800A7CE6B /* Frameworks */,
				CFC03D881B0E6AA800A7CE6B /* Resources */,
			);
			buildRules = (
			);
			dependencies = (
				CFC03D8C1B0E6AA800A7CE6B /* PBXTargetDependency */,
			);
			name = "Aware SystemsTests";
			productName = "Aware SystemsTests";
			productReference = CFC03D8A1B0E6AA800A7CE6B /* Aware SystemsTests.xctest */;
			productType = "com.apple.product-type.bundle.unit-test";
		};
/* End PBXNativeTarget section */

/* Begin PBXProject section */
		CFC03D6D1B0E6AA700A7CE6B /* Project object */ = {
			isa = PBXProject;
			attributes = {
				LastUpgradeCheck = 0630;
				ORGANIZATIONNAME = "Aware Systems LLC";
				TargetAttributes = {
					CFC03D741B0E6AA700A7CE6B = {
						CreatedOnToolsVersion = 6.3.2;
						DevelopmentTeam = X46L7HD23P;
						SystemCapabilities = {
							com.apple.BackgroundModes = {
								enabled = 1;
							};
						};
					};
					CFC03D891B0E6AA800A7CE6B = {
						CreatedOnToolsVersion = 6.3.2;
						TestTargetID = CFC03D741B0E6AA700A7CE6B;
					};
				};
			};
			buildConfigurationList = CFC03D701B0E6AA700A7CE6B /* Build configuration list for PBXProject "Aware Systems" */;
			compatibilityVersion = "Xcode 3.2";
			developmentRegion = English;
			hasScannedForEncodings = 0;
			knownRegions = (
				en,
				Base,
			);
			mainGroup = CFC03D6C1B0E6AA700A7CE6B;
			productRefGroup = CFC03D761B0E6AA700A7CE6B /* Products */;
			projectDirPath = "";
			projectRoot = "";
			targets = (
				CFC03D741B0E6AA700A7CE6B /* Aware Systems */,
				CFC03D891B0E6AA800A7CE6B /* Aware SystemsTests */,
			);
		};
/* End PBXProject section */

/* Begin PBXResourcesBuildPhase section */
		CFC03D731B0E6AA700A7CE6B /* Resources */ = {
			isa = PBXResourcesBuildPhase;
			buildActionMask = 2147483647;
			files = (
				CFB806261B7A7BE300CC6249 /* Charged Battery-32.png in Resources */,
				CFB806741B868C0600CC6249 /* Main.storyboard in Resources */,
				CFC03D851B0E6AA700A7CE6B /* LaunchScreen.xib in Resources */,
				CFB8062E1B7A877A00CC6249 /* Wi-Fi-32.png in Resources */,
				CFB806241B7A7BD900CC6249 /* Full Battery-32.png in Resources */,
				CFB806221B7A7BCE00CC6249 /* Empty Battery-32.png in Resources */,
				CFB8062A1B7A7BFB00CC6249 /* Low Battery-32-3.png in Resources */,
				CFB806281B7A7BF000CC6249 /* Half-Charged Battery-32.png in Resources */,
				CFB806681B826D4A00CC6249 /* Images-2.xcassets in Resources */,
				CFB8062C1B7A877200CC6249 /* Wi-Fi Filled-32.png in Resources */,
			);
			runOnlyForDeploymentPostprocessing = 0;
		};
		CFC03D881B0E6AA800A7CE6B /* Resources */ = {
			isa = PBXResourcesBuildPhase;
			buildActionMask = 2147483647;
			files = (
			);
			runOnlyForDeploymentPostprocessing = 0;
		};
/* End PBXResourcesBuildPhase section */

/* Begin PBXSourcesBuildPhase section */
		CFC03D711B0E6AA700A7CE6B /* Sources */ = {
			isa = PBXSourcesBuildPhase;
			buildActionMask = 2147483647;
			files = (
				CFB806661B810A9C00CC6249 /* locationController.swift in Sources */,
				CFC7DC831B72F41200BBDE2B /* sensorDetails.swift in Sources */,
				CF1232D91B27B1A100CAE3F9 /* homeHub.swift in Sources */,
				CF73F2221B14E5530092A73C /* wifiSetup.swift in Sources */,
				CF73F2151B13E2F50092A73C /* accountCreationSuccess.swift in Sources */,
				CFC03D7D1B0E6AA700A7CE6B /* ViewController.swift in Sources */,
				CF73F21F1B14D0F30092A73C /* addHubVC.swift in Sources */,
				CFE22B411B39E07300C7E58A /* dataManager.swift in Sources */,
				CF1232D51B27B14600CAE3F9 /* homeCell.swift in Sources */,
				CF1232DB1B27BDC100CAE3F9 /* sensorsHome.swift in Sources */,
				CF1232DF1B2F5B4200CAE3F9 /* sensorZoom.swift in Sources */,
				CFC03D7B1B0E6AA700A7CE6B /* AppDelegate.swift in Sources */,
				CF73F2101B0FAF460092A73C /* createAccountVC.swift in Sources */,
				CF73F2261B163DDD0092A73C /* shareWifi.swift in Sources */,
				CFC03D9D1B0E751A00A7CE6B /* settingsCell.swift in Sources */,
				CF73F2121B0FAFB60092A73C /* BoilerPlate UIKit class.swift in Sources */,
			);
			runOnlyForDeploymentPostprocessing = 0;
		};
		CFC03D861B0E6AA800A7CE6B /* Sources */ = {
			isa = PBXSourcesBuildPhase;
			buildActionMask = 2147483647;
			files = (
				CFC03D911B0E6AA800A7CE6B /* Aware_SystemsTests.swift in Sources */,
			);
			runOnlyForDeploymentPostprocessing = 0;
		};
/* End PBXSourcesBuildPhase section */

/* Begin PBXTargetDependency section */
		CFC03D8C1B0E6AA800A7CE6B /* PBXTargetDependency */ = {
			isa = PBXTargetDependency;
			target = CFC03D741B0E6AA700A7CE6B /* Aware Systems */;
			targetProxy = CFC03D8B1B0E6AA800A7CE6B /* PBXContainerItemProxy */;
		};
/* End PBXTargetDependency section */

/* Begin PBXVariantGroup section */
		CFC03D831B0E6AA700A7CE6B /* LaunchScreen.xib */ = {
			isa = PBXVariantGroup;
			children = (
				CFC03D841B0E6AA700A7CE6B /* Base */,
			);
			name = LaunchScreen.xib;
			sourceTree = "<group>";
		};
/* End PBXVariantGroup section */

/* Begin XCBuildConfiguration section */
		CFC03D921B0E6AA800A7CE6B /* Debug */ = {
			isa = XCBuildConfiguration;
			buildSettings = {
				ALWAYS_SEARCH_USER_PATHS = NO;
				CLANG_CXX_LANGUAGE_STANDARD = "gnu++0x";
				CLANG_CXX_LIBRARY = "libc++";
				CLANG_ENABLE_MODULES = YES;
				CLANG_ENABLE_OBJC_ARC = YES;
				CLANG_WARN_BOOL_CONVERSION = YES;
				CLANG_WARN_CONSTANT_CONVERSION = YES;
				CLANG_WARN_DIRECT_OBJC_ISA_USAGE = YES_ERROR;
				CLANG_WARN_EMPTY_BODY = YES;
				CLANG_WARN_ENUM_CONVERSION = YES;
				CLANG_WARN_INT_CONVERSION = YES;
				CLANG_WARN_OBJC_ROOT_CLASS = YES_ERROR;
				CLANG_WARN_UNREACHABLE_CODE = YES;
				CLANG_WARN__DUPLICATE_METHOD_MATCH = YES;
				CODE_SIGN_IDENTITY = "iPhone Developer: Larry Crapo (88M646B6TE)";
				"CODE_SIGN_IDENTITY[sdk=iphoneos*]" = "iPhone Developer: Larry Crapo (88M646B6TE)";
				COPY_PHASE_STRIP = NO;
				DEBUG_INFORMATION_FORMAT = "dwarf-with-dsym";
				ENABLE_STRICT_OBJC_MSGSEND = YES;
				GCC_C_LANGUAGE_STANDARD = gnu99;
				GCC_DYNAMIC_NO_PIC = NO;
				GCC_NO_COMMON_BLOCKS = YES;
				GCC_OPTIMIZATION_LEVEL = 0;
				GCC_PREPROCESSOR_DEFINITIONS = (
					"DEBUG=1",
					"$(inherited)",
				);
				GCC_SYMBOLS_PRIVATE_EXTERN = NO;
				GCC_WARN_64_TO_32_BIT_CONVERSION = YES;
				GCC_WARN_ABOUT_RETURN_TYPE = YES_ERROR;
				GCC_WARN_UNDECLARED_SELECTOR = YES;
				GCC_WARN_UNINITIALIZED_AUTOS = YES_AGGRESSIVE;
				GCC_WARN_UNUSED_FUNCTION = YES;
				GCC_WARN_UNUSED_VARIABLE = YES;
				IPHONEOS_DEPLOYMENT_TARGET = 7.0;
				MTL_ENABLE_DEBUG_INFO = YES;
				ONLY_ACTIVE_ARCH = YES;
				SDKROOT = iphoneos;
				SWIFT_OPTIMIZATION_LEVEL = "-Onone";
			};
			name = Debug;
		};
		CFC03D931B0E6AA800A7CE6B /* Release */ = {
			isa = XCBuildConfiguration;
			buildSettings = {
				ALWAYS_SEARCH_USER_PATHS = NO;
				CLANG_CXX_LANGUAGE_STANDARD = "gnu++0x";
				CLANG_CXX_LIBRARY = "libc++";
				CLANG_ENABLE_MODULES = YES;
				CLANG_ENABLE_OBJC_ARC = YES;
				CLANG_WARN_BOOL_CONVERSION = YES;
				CLANG_WARN_CONSTANT_CONVERSION = YES;
				CLANG_WARN_DIRECT_OBJC_ISA_USAGE = YES_ERROR;
				CLANG_WARN_EMPTY_BODY = YES;
				CLANG_WARN_ENUM_CONVERSION = YES;
				CLANG_WARN_INT_CONVERSION = YES;
				CLANG_WARN_OBJC_ROOT_CLASS = YES_ERROR;
				CLANG_WARN_UNREACHABLE_CODE = YES;
				CLANG_WARN__DUPLICATE_METHOD_MATCH = YES;
				CODE_SIGN_IDENTITY = "iPhone Developer: Larry Crapo (88M646B6TE)";
				"CODE_SIGN_IDENTITY[sdk=iphoneos*]" = "iPhone Developer: Larry Crapo (88M646B6TE)";
				COPY_PHASE_STRIP = NO;
				DEBUG_INFORMATION_FORMAT = "dwarf-with-dsym";
				ENABLE_NS_ASSERTIONS = NO;
				ENABLE_STRICT_OBJC_MSGSEND = YES;
				GCC_C_LANGUAGE_STANDARD = gnu99;
				GCC_NO_COMMON_BLOCKS = YES;
				GCC_WARN_64_TO_32_BIT_CONVERSION = YES;
				GCC_WARN_ABOUT_RETURN_TYPE = YES_ERROR;
				GCC_WARN_UNDECLARED_SELECTOR = YES;
				GCC_WARN_UNINITIALIZED_AUTOS = YES_AGGRESSIVE;
				GCC_WARN_UNUSED_FUNCTION = YES;
				GCC_WARN_UNUSED_VARIABLE = YES;
				IPHONEOS_DEPLOYMENT_TARGET = 7.0;
				MTL_ENABLE_DEBUG_INFO = NO;
				SDKROOT = iphoneos;
				VALIDATE_PRODUCT = YES;
			};
			name = Release;
		};
		CFC03D951B0E6AA800A7CE6B /* Debug */ = {
			isa = XCBuildConfiguration;
			buildSettings = {
				ASSETCATALOG_COMPILER_APPICON_NAME = AppIcon;
				ASSETCATALOG_COMPILER_LAUNCHIMAGE_NAME = LaunchImage;
				CLANG_ENABLE_MODULES = YES;
				CODE_SIGN_IDENTITY = "iPhone Developer";
				"CODE_SIGN_IDENTITY[sdk=iphoneos*]" = "iPhone Developer";
				EMBEDDED_CONTENT_CONTAINS_SWIFT = YES;
				FRAMEWORK_SEARCH_PATHS = (
					"$(inherited)",
					"$(PROJECT_DIR)/Aware",
					Systems,
					"$(PROJECT_DIR)/Aware",
					Systems,
					"$(PROJECT_DIR)/Aware",
					Systems,
					"$(PROJECT_DIR)/Aware",
					Systems,
					"$(PROJECT_DIR)/Aware",
					Systems,
					"$(PROJECT_DIR)/Aware",
					Systems,
					"$(PROJECT_DIR)/Aware",
					Systems,
					"$(PROJECT_DIR)/Aware",
					Systems,
					"$(PROJECT_DIR)/Aware",
					Systems,
					"$(PROJECT_DIR)/Aware",
					Systems,
					"$(PROJECT_DIR)/Aware",
					Systems,
					"$(PROJECT_DIR)/Aware",
					Systems,
					"$(PROJECT_DIR)/Aware",
					Systems,
					"$(PROJECT_DIR)/Aware",
					Systems,
					"$(PROJECT_DIR)/Aware",
					Systems,
					"$(PROJECT_DIR)/Aware",
					Systems,
					"$(PROJECT_DIR)/Aware",
					Systems,
					"$(PROJECT_DIR)/Aware",
					Systems,
					"$(PROJECT_DIR)/Aware",
					Systems,
					"$(PROJECT_DIR)/Aware",
					Systems,
					"$(PROJECT_DIR)/Aware",
					Systems,
					"$(PROJECT_DIR)/Aware",
					Systems,
				);
				INFOPLIST_FILE = "Aware Systems/Info.plist";
				LD_RUNPATH_SEARCH_PATHS = "$(inherited) @executable_path/Frameworks";
				PRODUCT_NAME = "$(TARGET_NAME)";
				PROVISIONING_PROFILE = "";
				SWIFT_OBJC_BRIDGING_HEADER = "Aware Systems/Aware Systems-Bridging-Header.h";
				SWIFT_OPTIMIZATION_LEVEL = "-Onone";
			};
			name = Debug;
		};
		CFC03D961B0E6AA800A7CE6B /* Release */ = {
			isa = XCBuildConfiguration;
			buildSettings = {
				ASSETCATALOG_COMPILER_APPICON_NAME = AppIcon;
				ASSETCATALOG_COMPILER_LAUNCHIMAGE_NAME = LaunchImage;
				CLANG_ENABLE_MODULES = YES;
				CODE_SIGN_IDENTITY = "iPhone Developer";
				"CODE_SIGN_IDENTITY[sdk=iphoneos*]" = "iPhone Developer";
				EMBEDDED_CONTENT_CONTAINS_SWIFT = YES;
				FRAMEWORK_SEARCH_PATHS = (
					"$(inherited)",
					"$(PROJECT_DIR)/Aware",
					Systems,
					"$(PROJECT_DIR)/Aware",
					Systems,
					"$(PROJECT_DIR)/Aware",
					Systems,
					"$(PROJECT_DIR)/Aware",
					Systems,
					"$(PROJECT_DIR)/Aware",
					Systems,
					"$(PROJECT_DIR)/Aware",
					Systems,
					"$(PROJECT_DIR)/Aware",
					Systems,
					"$(PROJECT_DIR)/Aware",
					Systems,
					"$(PROJECT_DIR)/Aware",
					Systems,
					"$(PROJECT_DIR)/Aware",
					Systems,
					"$(PROJECT_DIR)/Aware",
					Systems,
					"$(PROJECT_DIR)/Aware",
					Systems,
					"$(PROJECT_DIR)/Aware",
					Systems,
					"$(PROJECT_DIR)/Aware",
					Systems,
					"$(PROJECT_DIR)/Aware",
					Systems,
					"$(PROJECT_DIR)/Aware",
					Systems,
					"$(PROJECT_DIR)/Aware",
					Systems,
					"$(PROJECT_DIR)/Aware",
					Systems,
					"$(PROJECT_DIR)/Aware",
					Systems,
					"$(PROJECT_DIR)/Aware",
					Systems,
					"$(PROJECT_DIR)/Aware",
					Systems,
					"$(PROJECT_DIR)/Aware",
					Systems,
				);
				INFOPLIST_FILE = "Aware Systems/Info.plist";
				LD_RUNPATH_SEARCH_PATHS = "$(inherited) @executable_path/Frameworks";
				PRODUCT_NAME = "$(TARGET_NAME)";
				PROVISIONING_PROFILE = "";
				SWIFT_OBJC_BRIDGING_HEADER = "Aware Systems/Aware Systems-Bridging-Header.h";
			};
			name = Release;
		};
		CFC03D981B0E6AA800A7CE6B /* Debug */ = {
			isa = XCBuildConfiguration;
			buildSettings = {
				BUNDLE_LOADER = "$(TEST_HOST)";
				FRAMEWORK_SEARCH_PATHS = (
					"$(SDKROOT)/Developer/Library/Frameworks",
					"$(inherited)",
				);
				GCC_PREPROCESSOR_DEFINITIONS = (
					"DEBUG=1",
					"$(inherited)",
				);
				INFOPLIST_FILE = "Aware SystemsTests/Info.plist";
				LD_RUNPATH_SEARCH_PATHS = "$(inherited) @executable_path/Frameworks @loader_path/Frameworks";
				PRODUCT_NAME = "$(TARGET_NAME)";
				TEST_HOST = "$(BUILT_PRODUCTS_DIR)/Aware Systems.app/Aware Systems";
			};
			name = Debug;
		};
		CFC03D991B0E6AA800A7CE6B /* Release */ = {
			isa = XCBuildConfiguration;
			buildSettings = {
				BUNDLE_LOADER = "$(TEST_HOST)";
				FRAMEWORK_SEARCH_PATHS = (
					"$(SDKROOT)/Developer/Library/Frameworks",
					"$(inherited)",
				);
				INFOPLIST_FILE = "Aware SystemsTests/Info.plist";
				LD_RUNPATH_SEARCH_PATHS = "$(inherited) @executable_path/Frameworks @loader_path/Frameworks";
				PRODUCT_NAME = "$(TARGET_NAME)";
				TEST_HOST = "$(BUILT_PRODUCTS_DIR)/Aware Systems.app/Aware Systems";
			};
			name = Release;
		};
/* End XCBuildConfiguration section */

/* Begin XCConfigurationList section */
		CFC03D701B0E6AA700A7CE6B /* Build configuration list for PBXProject "Aware Systems" */ = {
			isa = XCConfigurationList;
			buildConfigurations = (
				CFC03D921B0E6AA800A7CE6B /* Debug */,
				CFC03D931B0E6AA800A7CE6B /* Release */,
			);
			defaultConfigurationIsVisible = 0;
			defaultConfigurationName = Release;
		};
		CFC03D941B0E6AA800A7CE6B /* Build configuration list for PBXNativeTarget "Aware Systems" */ = {
			isa = XCConfigurationList;
			buildConfigurations = (
				CFC03D951B0E6AA800A7CE6B /* Debug */,
				CFC03D961B0E6AA800A7CE6B /* Release */,
			);
			defaultConfigurationIsVisible = 0;
			defaultConfigurationName = Release;
		};
		CFC03D971B0E6AA800A7CE6B /* Build configuration list for PBXNativeTarget "Aware SystemsTests" */ = {
			isa = XCConfigurationList;
			buildConfigurations = (
				CFC03D981B0E6AA800A7CE6B /* Debug */,
				CFC03D991B0E6AA800A7CE6B /* Release */,
			);
			defaultConfigurationIsVisible = 0;
			defaultConfigurationName = Release;
		};
/* End XCConfigurationList section */
	};
	rootObject = CFC03D6D1B0E6AA700A7CE6B /* Project object */;
}
